
Microsoft Visual Studio Solution File, Format Version 12.00
# Visual Studio Version 17
VisualStudioVersion = 17.7.34031.279
MinimumVisualStudioVersion = 10.0.40219.1
Project("{9A19103F-16F7-4668-BE54-9A1E7A4F7556}") = "GE2D.App", "GE2D.App\GE2D.App.csproj", "{0C2B849E-2620-4057-80A3-934ED52CC1C4}"
EndProject
Project("{9A19103F-16F7-4668-BE54-9A1E7A4F7556}") = "GE2D.Core", "GE2D.Core\GE2D.Core.csproj", "{9ACA6111-E2F5-4447-BA6A-FDB9C4258E10}"
EndProject
Project("{9A19103F-16F7-4668-BE54-9A1E7A4F7556}") = "GE2D.BusinessLogic", "GE2D.BusinessLogic\GE2D.BusinessLogic.csproj", "{C834F2D3-0666-4BD9-B22E-15ED6DE56F96}"
EndProject
Project("{FAE04EC0-301F-11D3-BF4B-00C04F79EFBC}") = "GE2D.CoreTests", "GE2D.CoreTests\GE2D.CoreTests.csproj", "{60A528E6-F534-48CA-A894-6044D4171E7A}"
EndProject
Project("{FAE04EC0-301F-11D3-BF4B-00C04F79EFBC}") = "GE2D.BusinessLogicTests", "GE2D.BusinessLogicTests\GE2D.BusinessLogicTests.csproj", "{6E8A10EC-8991-4295-8973-7594BF41D609}"
EndProject
Global
	GlobalSection(SolutionConfigurationPlatforms) = preSolution
		Debug|Any CPU = Debug|Any CPU
		Release|Any CPU = Release|Any CPU
	EndGlobalSection
	GlobalSection(ProjectConfigurationPlatforms) = postSolution
		{0C2B849E-2620-4057-80A3-934ED52CC1C4}.Debug|Any CPU.ActiveCfg = Debug|Any CPU
		{0C2B849E-2620-4057-80A3-934ED52CC1C4}.Debug|Any CPU.Build.0 = Debug|Any CPU
		{0C2B849E-2620-4057-80A3-934ED52CC1C4}.Release|Any CPU.ActiveCfg = Release|Any CPU
		{0C2B849E-2620-4057-80A3-934ED52CC1C4}.Release|Any CPU.Build.0 = Release|Any CPU
		{9ACA6111-E2F5-4447-BA6A-FDB9C4258E10}.Debug|Any CPU.ActiveCfg = Debug|Any CPU
		{9ACA6111-E2F5-4447-BA6A-FDB9C4258E10}.Debug|Any CPU.Build.0 = Debug|Any CPU
		{9ACA6111-E2F5-4447-BA6A-FDB9C4258E10}.Release|Any CPU.ActiveCfg = Release|Any CPU
		{9ACA6111-E2F5-4447-BA6A-FDB9C4258E10}.Release|Any CPU.Build.0 = Release|Any CPU
		{C834F2D3-0666-4BD9-B22E-15ED6DE56F96}.Debug|Any CPU.ActiveCfg = Debug|Any CPU
		{C834F2D3-0666-4BD9-B22E-15ED6DE56F96}.Debug|Any CPU.Build.0 = Debug|Any CPU
		{C834F2D3-0666-4BD9-B22E-15ED6DE56F96}.Release|Any CPU.ActiveCfg = Release|Any CPU
		{C834F2D3-0666-4BD9-B22E-15ED6DE56F96}.Release|Any CPU.Build.0 = Release|Any CPU
		{60A528E6-F534-48CA-A894-6044D4171E7A}.Debug|Any CPU.ActiveCfg = Debug|Any CPU
		{60A528E6-F534-48CA-A894-6044D4171E7A}.Debug|Any CPU.Build.0 = Debug|Any CPU
		{60A528E6-F534-48CA-A894-6044D4171E7A}.Release|Any CPU.ActiveCfg = Release|Any CPU
		{60A528E6-F534-48CA-A894-6044D4171E7A}.Release|Any CPU.Build.0 = Release|Any CPU
		{6E8A10EC-8991-4295-8973-7594BF41D609}.Debug|Any CPU.ActiveCfg = Debug|Any CPU
		{6E8A10EC-8991-4295-8973-7594BF41D609}.Debug|Any CPU.Build.0 = Debug|Any CPU
		{6E8A10EC-8991-4295-8973-7594BF41D609}.Release|Any CPU.ActiveCfg = Release|Any CPU
		{6E8A10EC-8991-4295-8973-7594BF41D609}.Release|Any CPU.Build.0 = Release|Any CPU
	EndGlobalSection
	GlobalSection(SolutionProperties) = preSolution
		HideSolutionNode = FALSE
	EndGlobalSection
	GlobalSection(ExtensibilityGlobals) = postSolution
		SolutionGuid = {403ACF30-C94E-4EAB-9CD4-E40544EADED0}
	EndGlobalSection
EndGlobal
